// !$*UTF8*$!
{
	archiveVersion = 1;
	classes = {
	};
	objectVersion = 48;
	objects = {

/* Begin PBXBuildFile section */
		534B8EC5200BEC7E009D052F /* AppDelegate.swift in Sources */ = {isa = PBXBuildFile; fileRef = 534B8EC4200BEC7E009D052F /* AppDelegate.swift */; };
		534B8EC7200BEC7E009D052F /* ViewController.swift in Sources */ = {isa = PBXBuildFile; fileRef = 534B8EC6200BEC7E009D052F /* ViewController.swift */; };
		534B8ECA200BEC7E009D052F /* Main.storyboard in Resources */ = {isa = PBXBuildFile; fileRef = 534B8EC8200BEC7E009D052F /* Main.storyboard */; };
		534B8ECC200BEC7E009D052F /* Assets.xcassets in Resources */ = {isa = PBXBuildFile; fileRef = 534B8ECB200BEC7E009D052F /* Assets.xcassets */; };
		534B8ECF200BEC7E009D052F /* LaunchScreen.storyboard in Resources */ = {isa = PBXBuildFile; fileRef = 534B8ECD200BEC7E009D052F /* LaunchScreen.storyboard */; };
		534B8ED8200BECBA009D052F /* BJAutoScrollCollectionView.swift in Sources */ = {isa = PBXBuildFile; fileRef = 534B8ED7200BECBA009D052F /* BJAutoScrollCollectionView.swift */; };
		534B8EDA200BEDF0009D052F /* CustomImageCollectionViewCell.swift in Sources */ = {isa = PBXBuildFile; fileRef = 534B8ED9200BEDF0009D052F /* CustomImageCollectionViewCell.swift */; };
/* End PBXBuildFile section */

/* Begin PBXFileReference section */
		534B8EC1200BEC7E009D052F /* BJAutoScrollingCollectionViewExample.app */ = {isa = PBXFileReference; explicitFileType = wrapper.application; includeInIndex = 0; path = BJAutoScrollingCollectionViewExample.app; sourceTree = BUILT_PRODUCTS_DIR; };
		534B8EC4200BEC7E009D052F /* AppDelegate.swift */ = {isa = PBXFileReference; lastKnownFileType = sourcecode.swift; path = AppDelegate.swift; sourceTree = "<group>"; };
		534B8EC6200BEC7E009D052F /* ViewController.swift */ = {isa = PBXFileReference; lastKnownFileType = sourcecode.swift; path = ViewController.swift; sourceTree = "<group>"; };
		534B8EC9200BEC7E009D052F /* Base */ = {isa = PBXFileReference; lastKnownFileType = file.storyboard; name = Base; path = Base.lproj/Main.storyboard; sourceTree = "<group>"; };
		534B8ECB200BEC7E009D052F /* Assets.xcassets */ = {isa = PBXFileReference; lastKnownFileType = folder.assetcatalog; path = Assets.xcassets; sourceTree = "<group>"; };
		534B8ECE200BEC7E009D052F /* Base */ = {isa = PBXFileReference; lastKnownFileType = file.storyboard; name = Base; path = Base.lproj/LaunchScreen.storyboard; sourceTree = "<group>"; };
		534B8ED0200BEC7E009D052F /* Info.plist */ = {isa = PBXFileReference; lastKnownFileType = text.plist.xml; path = Info.plist; sourceTree = "<group>"; };
		534B8ED7200BECBA009D052F /* BJAutoScrollCollectionView.swift */ = {isa = PBXFileReference; fileEncoding = 4; lastKnownFileType = sourcecode.swift; path = BJAutoScrollCollectionView.swift; sourceTree = "<group>"; };
		534B8ED9200BEDF0009D052F /* CustomImageCollectionViewCell.swift */ = {isa = PBXFileReference; lastKnownFileType = sourcecode.swift; path = CustomImageCollectionViewCell.swift; sourceTree = "<group>"; };
/* End PBXFileReference section */

/* Begin PBXFrameworksBuildPhase section */
		534B8EBE200BEC7E009D052F /* Frameworks */ = {
			isa = PBXFrameworksBuildPhase;
			buildActionMask = 2147483647;
			files = (
			);
			runOnlyForDeploymentPostprocessing = 0;
		};
/* End PBXFrameworksBuildPhase section */

/* Begin PBXGroup section */
		534B8EB8200BEC7E009D052F = {
			isa = PBXGroup;
			children = (
				534B8EC3200BEC7E009D052F /* BJAutoScrollingCollectionViewExample */,
				534B8EC2200BEC7E009D052F /* Products */,
			);
			sourceTree = "<group>";
		};
		534B8EC2200BEC7E009D052F /* Products */ = {
			isa = PBXGroup;
			children = (
				534B8EC1200BEC7E009D052F /* BJAutoScrollingCollectionViewExample.app */,
			);
			name = Products;
			sourceTree = "<group>";
		};
		534B8EC3200BEC7E009D052F /* BJAutoScrollingCollectionViewExample */ = {
			isa = PBXGroup;
			children = (
				534B8EDB200C20FC009D052F /* Custom Collection View Cell */,
				534B8ED6200BEC9F009D052F /* Source */,
				534B8EC4200BEC7E009D052F /* AppDelegate.swift */,
				534B8EC6200BEC7E009D052F /* ViewController.swift */,
				534B8EC8200BEC7E009D052F /* Main.storyboard */,
				534B8ECB200BEC7E009D052F /* Assets.xcassets */,
				534B8ECD200BEC7E009D052F /* LaunchScreen.storyboard */,
				534B8ED0200BEC7E009D052F /* Info.plist */,
			);
			path = BJAutoScrollingCollectionViewExample;
			sourceTree = "<group>";
		};
		534B8ED6200BEC9F009D052F /* Source */ = {
			isa = PBXGroup;
			children = (
				534B8ED7200BECBA009D052F /* BJAutoScrollCollectionView.swift */,
			);
			path = Source;
			sourceTree = "<group>";
		};
		534B8EDB200C20FC009D052F /* Custom Collection View Cell */ = {
			isa = PBXGroup;
			children = (
				534B8ED9200BEDF0009D052F /* CustomImageCollectionViewCell.swift */,
			);
			path = "Custom Collection View Cell";
			sourceTree = "<group>";
		};
/* End PBXGroup section */

/* Begin PBXNativeTarget section */
		534B8EC0200BEC7E009D052F /* BJAutoScrollingCollectionViewExample */ = {
			isa = PBXNativeTarget;
			buildConfigurationList = 534B8ED3200BEC7E009D052F /* Build configuration list for PBXNativeTarget "BJAutoScrollingCollectionViewExample" */;
			buildPhases = (
				534B8EBD200BEC7E009D052F /* Sources */,
				534B8EBE200BEC7E009D052F /* Frameworks */,
				534B8EBF200BEC7E009D052F /* Resources */,
			);
			buildRules = (
			);
			dependencies = (
			);
			name = BJAutoScrollingCollectionViewExample;
			productName = BJAutoScrollingCollectionViewExample;
			productReference = 534B8EC1200BEC7E009D052F /* BJAutoScrollingCollectionViewExample.app */;
			productType = "com.apple.product-type.application";
		};
/* End PBXNativeTarget section */

/* Begin PBXProject section */
		534B8EB9200BEC7E009D052F /* Project object */ = {
			isa = PBXProject;
			attributes = {
				LastSwiftUpdateCheck = 0920;
				LastUpgradeCheck = 0920;
				ORGANIZATIONNAME = "Badhan Ganesh";
				TargetAttributes = {
					534B8EC0200BEC7E009D052F = {
						CreatedOnToolsVersion = 9.2;
						ProvisioningStyle = Automatic;
					};
				};
			};
			buildConfigurationList = 534B8EBC200BEC7E009D052F /* Build configuration list for PBXProject "BJAutoScrollingCollectionViewExample" */;
			compatibilityVersion = "Xcode 8.0";
			developmentRegion = en;
			hasScannedForEncodings = 0;
			knownRegions = (
				en,
				Base,
			);
			mainGroup = 534B8EB8200BEC7E009D052F;
			productRefGroup = 534B8EC2200BEC7E009D052F /* Products */;
			projectDirPath = "";
			projectRoot = "";
			targets = (
				534B8EC0200BEC7E009D052F /* BJAutoScrollingCollectionViewExample */,
			);
		};
/* End PBXProject section */

/* Begin PBXResourcesBuildPhase section */
		534B8EBF200BEC7E009D052F /* Resources */ = {
			isa = PBXResourcesBuildPhase;
			buildActionMask = 2147483647;
			files = (
				534B8ECF200BEC7E009D052F /* LaunchScreen.storyboard in Resources */,
				534B8ECC200BEC7E009D052F /* Assets.xcassets in Resources */,
				534B8ECA200BEC7E009D052F /* Main.storyboard in Resources */,
			);
			runOnlyForDeploymentPostprocessing = 0;
		};
/* End PBXResourcesBuildPhase section */

/* Begin PBXSourcesBuildPhase section */
		534B8EBD200BEC7E009D052F /* Sources */ = {
			isa = PBXSourcesBuildPhase;
			buildActionMask = 2147483647;
			files = (
				534B8EC7200BEC7E009D052F /* ViewController.swift in Sources */,
				534B8EC5200BEC7E009D052F /* AppDelegate.swift in Sources */,
				534B8ED8200BECBA009D052F /* BJAutoScrollCollectionView.swift in Sources */,
				534B8EDA200BEDF0009D052F /* CustomImageCollectionViewCell.swift in Sources */,
			);
			runOnlyForDeploymentPostprocessing = 0;
		};
/* End PBXSourcesBuildPhase section */

/* Begin PBXVariantGroup section */
		534B8EC8200BEC7E009D052F /* Main.storyboard */ = {
			isa = PBXVariantGroup;
			children = (
				534B8EC9200BEC7E009D052F /* Base */,
			);
			name = Main.storyboard;
			sourceTree = "<group>";
		};
		534B8ECD200BEC7E009D052F /* LaunchScreen.storyboard */ = {
			isa = PBXVariantGroup;
			children = (
				534B8ECE200BEC7E009D052F /* Base */,
			);
			name = LaunchScreen.storyboard;
			sourceTree = "<group>";
		};
/* End PBXVariantGroup section */

/* Begin XCBuildConfiguration section */
		534B8ED1200BEC7E009D052F /* Debug */ = {
			isa = XCBuildConfiguration;
			buildSettings = {
				ALWAYS_SEARCH_USER_PATHS = NO;
				CLANG_ANALYZER_NONNULL = YES;
				CLANG_ANALYZER_NUMBER_OBJECT_CONVERSION = YES_AGGRESSIVE;
				CLANG_CXX_LANGUAGE_STANDARD = "gnu++14";
				CLANG_CXX_LIBRARY = "libc++";
				CLANG_ENABLE_MODULES = YES;
				CLANG_ENABLE_OBJC_ARC = YES;
				CLANG_WARN_BLOCK_CAPTURE_AUTORELEASING = YES;
				CLANG_WARN_BOOL_CONVERSION = YES;
				CLANG_WARN_COMMA = YES;
				CLANG_WARN_CONSTANT_CONVERSION = YES;
				CLANG_WARN_DIRECT_OBJC_ISA_USAGE = YES_ERROR;
				CLANG_WARN_DOCUMENTATION_COMMENTS = YES;
				CLANG_WARN_EMPTY_BODY = YES;
				CLANG_WARN_ENUM_CONVERSION = YES;
				CLANG_WARN_INFINITE_RECURSION = YES;
				CLANG_WARN_INT_CONVERSION = YES;
				CLANG_WARN_NON_LITERAL_NULL_CONVERSION = YES;
				CLANG_WARN_OBJC_LITERAL_CONVERSION = YES;
				CLANG_WARN_OBJC_ROOT_CLASS = YES_ERROR;
				CLANG_WARN_RANGE_LOOP_ANALYSIS = YES;
				CLANG_WARN_STRICT_PROTOTYPES = YES;
				CLANG_WARN_SUSPICIOUS_MOVE = YES;
				CLANG_WARN_UNGUARDED_AVAILABILITY = YES_AGGRESSIVE;
				CLANG_WARN_UNREACHABLE_CODE = YES;
				CLANG_WARN__DUPLICATE_METHOD_MATCH = YES;
				CODE_SIGN_IDENTITY = "iPhone Developer";
				COPY_PHASE_STRIP = NO;
				DEBUG_INFORMATION_FORMAT = dwarf;
				ENABLE_STRICT_OBJC_MSGSEND = YES;
				ENABLE_TESTABILITY = YES;
				GCC_C_LANGUAGE_STANDARD = gnu11;
				GCC_DYNAMIC_NO_PIC = NO;
				GCC_NO_COMMON_BLOCKS = YES;
				GCC_OPTIMIZATION_LEVEL = 0;
				GCC_PREPROCESSOR_DEFINITIONS = (
					"DEBUG=1",
					"$(inherited)",
				);
				GCC_WARN_64_TO_32_BIT_CONVERSION = YES;
				GCC_WARN_ABOUT_RETURN_TYPE = YES_ERROR;
				GCC_WARN_UNDECLARED_SELECTOR = YES;
				GCC_WARN_UNINITIALIZED_AUTOS = YES_AGGRESSIVE;
				GCC_WARN_UNUSED_FUNCTION = YES;
				GCC_WARN_UNUSED_VARIABLE = YES;
				IPHONEOS_DEPLOYMENT_TARGET = 11.2;
				MTL_ENABLE_DEBUG_INFO = YES;
				ONLY_ACTIVE_ARCH = YES;
				SDKROOT = iphoneos;
				SWIFT_ACTIVE_COMPILATION_CONDITIONS = DEBUG;
				SWIFT_OPTIMIZATION_LEVEL = "-Onone";
			};
			name = Debug;
		};
		534B8ED2200BEC7E009D052F /* Release */ = {
			isa = XCBuildConfiguration;
			buildSettings = {
				ALWAYS_SEARCH_USER_PATHS = NO;
				CLANG_ANALYZER_NONNULL = YES;
				CLANG_ANALYZER_NUMBER_OBJECT_CONVERSION = YES_AGGRESSIVE;
				CLANG_CXX_LANGUAGE_STANDARD = "gnu++14";
				CLANG_CXX_LIBRARY = "libc++";
				CLANG_ENABLE_MODULES = YES;
				CLANG_ENABLE_OBJC_ARC = YES;
				CLANG_WARN_BLOCK_CAPTURE_AUTORELEASING = YES;
				CLANG_WARN_BOOL_CONVERSION = YES;
				CLANG_WARN_COMMA = YES;
				CLANG_WARN_CONSTANT_CONVERSION = YES;
				CLANG_WARN_DIRECT_OBJC_ISA_USAGE = YES_ERROR;
				CLANG_WARN_DOCUMENTATION_COMMENTS = YES;
				CLANG_WARN_EMPTY_BODY = YES;
				CLANG_WARN_ENUM_CONVERSION = YES;
				CLANG_WARN_INFINITE_RECURSION = YES;
				CLANG_WARN_INT_CONVERSION = YES;
				CLANG_WARN_NON_LITERAL_NULL_CONVERSION = YES;
				CLANG_WARN_OBJC_LITERAL_CONVERSION = YES;
				CLANG_WARN_OBJC_ROOT_CLASS = YES_ERROR;
				CLANG_WARN_RANGE_LOOP_ANALYSIS = YES;
				CLANG_WARN_STRICT_PROTOTYPES = YES;
				CLANG_WARN_SUSPICIOUS_MOVE = YES;
				CLANG_WARN_UNGUARDED_AVAILABILITY = YES_AGGRESSIVE;
				CLANG_WARN_UNREACHABLE_CODE = YES;
				CLANG_WARN__DUPLICATE_METHOD_MATCH = YES;
				CODE_SIGN_IDENTITY = "iPhone Developer";
				COPY_PHASE_STRIP = NO;
				DEBUG_INFORMATION_FORMAT = "dwarf-with-dsym";
				ENABLE_NS_ASSERTIONS = NO;
				ENABLE_STRICT_OBJC_MSGSEND = YES;
				GCC_C_LANGUAGE_STANDARD = gnu11;
				GCC_NO_COMMON_BLOCKS = YES;
				GCC_WARN_64_TO_32_BIT_CONVERSION = YES;
				GCC_WARN_ABOUT_RETURN_TYPE = YES_ERROR;
				GCC_WARN_UNDECLARED_SELECTOR = YES;
				GCC_WARN_UNINITIALIZED_AUTOS = YES_AGGRESSIVE;
				GCC_WARN_UNUSED_FUNCTION = YES;
				GCC_WARN_UNUSED_VARIABLE = YES;
				IPHONEOS_DEPLOYMENT_TARGET = 11.2;
				MTL_ENABLE_DEBUG_INFO = NO;
				SDKROOT = iphoneos;
				SWIFT_OPTIMIZATION_LEVEL = "-Owholemodule";
				VALIDATE_PRODUCT = YES;
			};
			name = Release;
		};
		534B8ED4200BEC7E009D052F /* Debug */ = {
			isa = XCBuildConfiguration;
			buildSettings = {
				ASSETCATALOG_COMPILER_APPICON_NAME = AppIcon;
				CODE_SIGN_STYLE = Automatic;
				DEVELOPMENT_TEAM = U2888GAKZ7;
				INFOPLIST_FILE = BJAutoScrollingCollectionViewExample/Info.plist;
				LD_RUNPATH_SEARCH_PATHS = "$(inherited) @executable_path/Frameworks";
				PRODUCT_BUNDLE_IDENTIFIER = com.bj.BJAutoScrollingCollectionViewExample;
				PRODUCT_NAME = "$(TARGET_NAME)";
				SWIFT_VERSION = 4.0;
				TARGETED_DEVICE_FAMILY = "1,2";
			};
			name = Debug;
		};
		534B8ED5200BEC7E009D052F /* Release */ = {
			isa = XCBuildConfiguration;
			buildSettings = {
				ASSETCATALOG_COMPILER_APPICON_NAME = AppIcon;
				CODE_SIGN_STYLE = Automatic;
				DEVELOPMENT_TEAM = U2888GAKZ7;
				INFOPLIST_FILE = BJAutoScrollingCollectionViewExample/Info.plist;
				LD_RUNPATH_SEARCH_PATHS = "$(inherited) @executable_path/Frameworks";
				PRODUCT_BUNDLE_IDENTIFIER = com.bj.BJAutoScrollingCollectionViewExample;
				PRODUCT_NAME = "$(TARGET_NAME)";
				SWIFT_VERSION = 4.0;
				TARGETED_DEVICE_FAMILY = "1,2";
			};
			name = Release;
		};
/* End XCBuildConfiguration section */

/* Begin XCConfigurationList section */
		534B8EBC200BEC7E009D052F /* Build configuration list for PBXProject "BJAutoScrollingCollectionViewExample" */ = {
			isa = XCConfigurationList;
			buildConfigurations = (
				534B8ED1200BEC7E009D052F /* Debug */,
				534B8ED2200BEC7E009D052F /* Release */,
			);
			defaultConfigurationIsVisible = 0;
			defaultConfigurationName = Release;
		};
		534B8ED3200BEC7E009D052F /* Build configuration list for PBXNativeTarget "BJAutoScrollingCollectionViewExample" */ = {
			isa = XCConfigurationList;
			buildConfigurations = (
				534B8ED4200BEC7E009D052F /* Debug */,
				534B8ED5200BEC7E009D052F /* Release */,
			);
			defaultConfigurationIsVisible = 0;
			defaultConfigurationName = Release;
		};
/* End XCConfigurationList section */
	};
	rootObject = 534B8EB9200BEC7E009D052F /* Project object */;
}
